// !$*UTF8*$!
{
	archiveVersion = 1;
	classes = {
	};
	objectVersion = 46;
	objects = {

/* Begin PBXBuildFile section */
		0F70C1F11D00248600C20612 /* HomeViewController.m in Sources */ = {isa = PBXBuildFile; fileRef = 0F70C1DB1D00248600C20612 /* HomeViewController.m */; };
		0F70C1F21D00248600C20612 /* MessageViewController.m in Sources */ = {isa = PBXBuildFile; fileRef = 0F70C1E11D00248600C20612 /* MessageViewController.m */; };
		0F70C1F31D00248600C20612 /* MyTableViewController.m in Sources */ = {isa = PBXBuildFile; fileRef = 0F70C1E71D00248600C20612 /* MyTableViewController.m */; };
		0F70C1F41D00248600C20612 /* MyTableViewController.storyboard in Resources */ = {isa = PBXBuildFile; fileRef = 0F70C1E81D00248600C20612 /* MyTableViewController.storyboard */; };
		0F70C1F51D00248600C20612 /* SearchViewController.m in Sources */ = {isa = PBXBuildFile; fileRef = 0F70C1EE1D00248600C20612 /* SearchViewController.m */; };
		0F70C1F81D0024AD00C20612 /* MesageHeaderView.m in Sources */ = {isa = PBXBuildFile; fileRef = 0F70C1F71D0024AD00C20612 /* MesageHeaderView.m */; };
		0F70C1FD1D00253C00C20612 /* Mesage.m in Sources */ = {isa = PBXBuildFile; fileRef = 0F70C1FC1D00253C00C20612 /* Mesage.m */; };
		0F70C2011D00273600C20612 /* 球.png in Resources */ = {isa = PBXBuildFile; fileRef = 0F70C1FF1D00273600C20612 /* 球.png */; };
		0F70C2021D00273600C20612 /* 重置.png in Resources */ = {isa = PBXBuildFile; fileRef = 0F70C2001D00273600C20612 /* 重置.png */; };
		2E9868041D000713006E888E /* BaseModel.m in Sources */ = {isa = PBXBuildFile; fileRef = 2E9868031D000713006E888E /* BaseModel.m */; };
		2E9868201D00074E006E888E /* SDImageCache.m in Sources */ = {isa = PBXBuildFile; fileRef = 2E9868151D00074E006E888E /* SDImageCache.m */; settings = {COMPILER_FLAGS = "-fno-objc-arc"; }; };
		2E9868211D00074E006E888E /* SDWebImageDownloader.m in Sources */ = {isa = PBXBuildFile; fileRef = 2E9868191D00074E006E888E /* SDWebImageDownloader.m */; settings = {COMPILER_FLAGS = "-fno-objc-arc"; }; };
		2E9868221D00074E006E888E /* SDWebImageManager.m in Sources */ = {isa = PBXBuildFile; fileRef = 2E98681C1D00074E006E888E /* SDWebImageManager.m */; settings = {COMPILER_FLAGS = "-fno-objc-arc"; }; };
		2E9868231D00074E006E888E /* UIImageView+WebCache.m in Sources */ = {isa = PBXBuildFile; fileRef = 2E98681F1D00074E006E888E /* UIImageView+WebCache.m */; settings = {COMPILER_FLAGS = "-fno-objc-arc"; }; };
		2E98682A1D0007B5006E888E /* JsonParser.m in Sources */ = {isa = PBXBuildFile; fileRef = 2E9868291D0007B5006E888E /* JsonParser.m */; };
		2EA706E01CFFD75B00C4301E /* main.m in Sources */ = {isa = PBXBuildFile; fileRef = 2EA706DF1CFFD75B00C4301E /* main.m */; };
		2EA706E31CFFD75B00C4301E /* AppDelegate.m in Sources */ = {isa = PBXBuildFile; fileRef = 2EA706E21CFFD75B00C4301E /* AppDelegate.m */; };
		2EA706E61CFFD75B00C4301E /* ViewController.m in Sources */ = {isa = PBXBuildFile; fileRef = 2EA706E51CFFD75B00C4301E /* ViewController.m */; };
		2EA706E91CFFD75B00C4301E /* Main.storyboard in Resources */ = {isa = PBXBuildFile; fileRef = 2EA706E71CFFD75B00C4301E /* Main.storyboard */; };
		2EA706EB1CFFD75B00C4301E /* Assets.xcassets in Resources */ = {isa = PBXBuildFile; fileRef = 2EA706EA1CFFD75B00C4301E /* Assets.xcassets */; };
		2EA706EE1CFFD75B00C4301E /* LaunchScreen.storyboard in Resources */ = {isa = PBXBuildFile; fileRef = 2EA706EC1CFFD75B00C4301E /* LaunchScreen.storyboard */; };
		2EA706F91CFFD75B00C4301E /* iShowTests.m in Sources */ = {isa = PBXBuildFile; fileRef = 2EA706F81CFFD75B00C4301E /* iShowTests.m */; };
		2EA707041CFFD75B00C4301E /* iShowUITests.m in Sources */ = {isa = PBXBuildFile; fileRef = 2EA707031CFFD75B00C4301E /* iShowUITests.m */; };
		2EA7073A1CFFE1A800C4301E /* BaseNavigationController.m in Sources */ = {isa = PBXBuildFile; fileRef = 2EA707391CFFE1A800C4301E /* BaseNavigationController.m */; };
		2EA7076F1CFFE25700C4301E /* discover@2x.png in Resources */ = {isa = PBXBuildFile; fileRef = 2EA7075F1CFFE25700C4301E /* discover@2x.png */; };
		2EA707701CFFE25700C4301E /* discover@3x.png in Resources */ = {isa = PBXBuildFile; fileRef = 2EA707601CFFE25700C4301E /* discover@3x.png */; };
		2EA707711CFFE25700C4301E /* discover_on@2x.png in Resources */ = {isa = PBXBuildFile; fileRef = 2EA707611CFFE25700C4301E /* discover_on@2x.png */; };
		2EA707721CFFE25700C4301E /* discover_on@3x.png in Resources */ = {isa = PBXBuildFile; fileRef = 2EA707621CFFE25700C4301E /* discover_on@3x.png */; };
		2EA707731CFFE25700C4301E /* home@2x.png in Resources */ = {isa = PBXBuildFile; fileRef = 2EA707631CFFE25700C4301E /* home@2x.png */; };
		2EA707741CFFE25700C4301E /* home@3x.png in Resources */ = {isa = PBXBuildFile; fileRef = 2EA707641CFFE25700C4301E /* home@3x.png */; };
		2EA707751CFFE25700C4301E /* home_on@2x.png in Resources */ = {isa = PBXBuildFile; fileRef = 2EA707651CFFE25700C4301E /* home_on@2x.png */; };
		2EA707761CFFE25700C4301E /* home_on@3x.png in Resources */ = {isa = PBXBuildFile; fileRef = 2EA707661CFFE25700C4301E /* home_on@3x.png */; };
		2EA707771CFFE25700C4301E /* myinfo@2x.png in Resources */ = {isa = PBXBuildFile; fileRef = 2EA707671CFFE25700C4301E /* myinfo@2x.png */; };
		2EA707781CFFE25700C4301E /* myinfo@3x.png in Resources */ = {isa = PBXBuildFile; fileRef = 2EA707681CFFE25700C4301E /* myinfo@3x.png */; };
		2EA707791CFFE25700C4301E /* myinfo_on@2x.png in Resources */ = {isa = PBXBuildFile; fileRef = 2EA707691CFFE25700C4301E /* myinfo_on@2x.png */; };
		2EA7077A1CFFE25700C4301E /* myinfo_on@3x.png in Resources */ = {isa = PBXBuildFile; fileRef = 2EA7076A1CFFE25700C4301E /* myinfo_on@3x.png */; };
		2EA7077B1CFFE25700C4301E /* payticket@2x.png in Resources */ = {isa = PBXBuildFile; fileRef = 2EA7076B1CFFE25700C4301E /* payticket@2x.png */; };
		2EA7077C1CFFE25700C4301E /* payticket@3x.png in Resources */ = {isa = PBXBuildFile; fileRef = 2EA7076C1CFFE25700C4301E /* payticket@3x.png */; };
		2EA7077D1CFFE25700C4301E /* payticket_on@2x.png in Resources */ = {isa = PBXBuildFile; fileRef = 2EA7076D1CFFE25700C4301E /* payticket_on@2x.png */; };
		2EA7077E1CFFE25700C4301E /* payticket_on@3x.png in Resources */ = {isa = PBXBuildFile; fileRef = 2EA7076E1CFFE25700C4301E /* payticket_on@3x.png */; };
/* End PBXBuildFile section */

/* Begin PBXContainerItemProxy section */
		2EA706F51CFFD75B00C4301E /* PBXContainerItemProxy */ = {
			isa = PBXContainerItemProxy;
			containerPortal = 2EA706D31CFFD75A00C4301E /* Project object */;
			proxyType = 1;
			remoteGlobalIDString = 2EA706DA1CFFD75B00C4301E;
			remoteInfo = iShow;
		};
		2EA707001CFFD75B00C4301E /* PBXContainerItemProxy */ = {
			isa = PBXContainerItemProxy;
			containerPortal = 2EA706D31CFFD75A00C4301E /* Project object */;
			proxyType = 1;
			remoteGlobalIDString = 2EA706DA1CFFD75B00C4301E;
			remoteInfo = iShow;
		};
/* End PBXContainerItemProxy section */

/* Begin PBXFileReference section */
		0F70C1DA1D00248600C20612 /* HomeViewController.h */ = {isa = PBXFileReference; fileEncoding = 4; lastKnownFileType = sourcecode.c.h; path = HomeViewController.h; sourceTree = "<group>"; };
		0F70C1DB1D00248600C20612 /* HomeViewController.m */ = {isa = PBXFileReference; fileEncoding = 4; lastKnownFileType = sourcecode.c.objc; path = HomeViewController.m; sourceTree = "<group>"; };
		0F70C1E01D00248600C20612 /* MessageViewController.h */ = {isa = PBXFileReference; fileEncoding = 4; lastKnownFileType = sourcecode.c.h; path = MessageViewController.h; sourceTree = "<group>"; };
		0F70C1E11D00248600C20612 /* MessageViewController.m */ = {isa = PBXFileReference; fileEncoding = 4; lastKnownFileType = sourcecode.c.objc; path = MessageViewController.m; sourceTree = "<group>"; };
		0F70C1E61D00248600C20612 /* MyTableViewController.h */ = {isa = PBXFileReference; fileEncoding = 4; lastKnownFileType = sourcecode.c.h; path = MyTableViewController.h; sourceTree = "<group>"; };
		0F70C1E71D00248600C20612 /* MyTableViewController.m */ = {isa = PBXFileReference; fileEncoding = 4; lastKnownFileType = sourcecode.c.objc; path = MyTableViewController.m; sourceTree = "<group>"; };
		0F70C1E81D00248600C20612 /* MyTableViewController.storyboard */ = {isa = PBXFileReference; fileEncoding = 4; lastKnownFileType = file.storyboard; path = MyTableViewController.storyboard; sourceTree = "<group>"; };
		0F70C1ED1D00248600C20612 /* SearchViewController.h */ = {isa = PBXFileReference; fileEncoding = 4; lastKnownFileType = sourcecode.c.h; path = SearchViewController.h; sourceTree = "<group>"; };
		0F70C1EE1D00248600C20612 /* SearchViewController.m */ = {isa = PBXFileReference; fileEncoding = 4; lastKnownFileType = sourcecode.c.objc; path = SearchViewController.m; sourceTree = "<group>"; };
		0F70C1F61D0024AD00C20612 /* MesageHeaderView.h */ = {isa = PBXFileReference; fileEncoding = 4; lastKnownFileType = sourcecode.c.h; path = MesageHeaderView.h; sourceTree = "<group>"; };
		0F70C1F71D0024AD00C20612 /* MesageHeaderView.m */ = {isa = PBXFileReference; fileEncoding = 4; lastKnownFileType = sourcecode.c.objc; path = MesageHeaderView.m; sourceTree = "<group>"; };
		0F70C1FB1D00253C00C20612 /* Mesage.h */ = {isa = PBXFileReference; fileEncoding = 4; lastKnownFileType = sourcecode.c.h; path = Mesage.h; sourceTree = "<group>"; };
		0F70C1FC1D00253C00C20612 /* Mesage.m */ = {isa = PBXFileReference; fileEncoding = 4; lastKnownFileType = sourcecode.c.objc; path = Mesage.m; sourceTree = "<group>"; };
		0F70C1FF1D00273600C20612 /* 球.png */ = {isa = PBXFileReference; lastKnownFileType = image.png; path = "球.png"; sourceTree = "<group>"; };
		0F70C2001D00273600C20612 /* 重置.png */ = {isa = PBXFileReference; lastKnownFileType = image.png; path = "重置.png"; sourceTree = "<group>"; };
		2E9868021D000713006E888E /* BaseModel.h */ = {isa = PBXFileReference; fileEncoding = 4; lastKnownFileType = sourcecode.c.h; path = BaseModel.h; sourceTree = "<group>"; };
		2E9868031D000713006E888E /* BaseModel.m */ = {isa = PBXFileReference; fileEncoding = 4; lastKnownFileType = sourcecode.c.objc; path = BaseModel.m; sourceTree = "<group>"; };
		2E9868141D00074E006E888E /* SDImageCache.h */ = {isa = PBXFileReference; fileEncoding = 4; lastKnownFileType = sourcecode.c.h; path = SDImageCache.h; sourceTree = "<group>"; };
		2E9868151D00074E006E888E /* SDImageCache.m */ = {isa = PBXFileReference; fileEncoding = 4; lastKnownFileType = sourcecode.c.objc; path = SDImageCache.m; sourceTree = "<group>"; };
		2E9868161D00074E006E888E /* SDImageCacheDelegate.h */ = {isa = PBXFileReference; fileEncoding = 4; lastKnownFileType = sourcecode.c.h; path = SDImageCacheDelegate.h; sourceTree = "<group>"; };
		2E9868171D00074E006E888E /* SDWebImageCompat.h */ = {isa = PBXFileReference; fileEncoding = 4; lastKnownFileType = sourcecode.c.h; path = SDWebImageCompat.h; sourceTree = "<group>"; };
		2E9868181D00074E006E888E /* SDWebImageDownloader.h */ = {isa = PBXFileReference; fileEncoding = 4; lastKnownFileType = sourcecode.c.h; path = SDWebImageDownloader.h; sourceTree = "<group>"; };
		2E9868191D00074E006E888E /* SDWebImageDownloader.m */ = {isa = PBXFileReference; fileEncoding = 4; lastKnownFileType = sourcecode.c.objc; path = SDWebImageDownloader.m; sourceTree = "<group>"; };
		2E98681A1D00074E006E888E /* SDWebImageDownloaderDelegate.h */ = {isa = PBXFileReference; fileEncoding = 4; lastKnownFileType = sourcecode.c.h; path = SDWebImageDownloaderDelegate.h; sourceTree = "<group>"; };
		2E98681B1D00074E006E888E /* SDWebImageManager.h */ = {isa = PBXFileReference; fileEncoding = 4; lastKnownFileType = sourcecode.c.h; path = SDWebImageManager.h; sourceTree = "<group>"; };
		2E98681C1D00074E006E888E /* SDWebImageManager.m */ = {isa = PBXFileReference; fileEncoding = 4; lastKnownFileType = sourcecode.c.objc; path = SDWebImageManager.m; sourceTree = "<group>"; };
		2E98681D1D00074E006E888E /* SDWebImageManagerDelegate.h */ = {isa = PBXFileReference; fileEncoding = 4; lastKnownFileType = sourcecode.c.h; path = SDWebImageManagerDelegate.h; sourceTree = "<group>"; };
		2E98681E1D00074E006E888E /* UIImageView+WebCache.h */ = {isa = PBXFileReference; fileEncoding = 4; lastKnownFileType = sourcecode.c.h; path = "UIImageView+WebCache.h"; sourceTree = "<group>"; };
		2E98681F1D00074E006E888E /* UIImageView+WebCache.m */ = {isa = PBXFileReference; fileEncoding = 4; lastKnownFileType = sourcecode.c.objc; path = "UIImageView+WebCache.m"; sourceTree = "<group>"; };
		2E9868281D000797006E888E /* Header.h */ = {isa = PBXFileReference; lastKnownFileType = sourcecode.c.h; path = Header.h; sourceTree = "<group>"; };
		2E9868291D0007B5006E888E /* JsonParser.m */ = {isa = PBXFileReference; fileEncoding = 4; lastKnownFileType = sourcecode.c.objc; path = JsonParser.m; sourceTree = "<group>"; };
		2E98682B1D0007BC006E888E /* JsonParser.h */ = {isa = PBXFileReference; lastKnownFileType = sourcecode.c.h; path = JsonParser.h; sourceTree = "<group>"; };
		2EA706DB1CFFD75B00C4301E /* iShow.app */ = {isa = PBXFileReference; explicitFileType = wrapper.application; includeInIndex = 0; path = iShow.app; sourceTree = BUILT_PRODUCTS_DIR; };
		2EA706DF1CFFD75B00C4301E /* main.m */ = {isa = PBXFileReference; lastKnownFileType = sourcecode.c.objc; path = main.m; sourceTree = "<group>"; };
		2EA706E11CFFD75B00C4301E /* AppDelegate.h */ = {isa = PBXFileReference; lastKnownFileType = sourcecode.c.h; path = AppDelegate.h; sourceTree = "<group>"; };
		2EA706E21CFFD75B00C4301E /* AppDelegate.m */ = {isa = PBXFileReference; lastKnownFileType = sourcecode.c.objc; path = AppDelegate.m; sourceTree = "<group>"; };
		2EA706E41CFFD75B00C4301E /* ViewController.h */ = {isa = PBXFileReference; lastKnownFileType = sourcecode.c.h; path = ViewController.h; sourceTree = "<group>"; };
		2EA706E51CFFD75B00C4301E /* ViewController.m */ = {isa = PBXFileReference; lastKnownFileType = sourcecode.c.objc; path = ViewController.m; sourceTree = "<group>"; };
		2EA706E81CFFD75B00C4301E /* Base */ = {isa = PBXFileReference; lastKnownFileType = file.storyboard; name = Base; path = Base.lproj/Main.storyboard; sourceTree = "<group>"; };
		2EA706EA1CFFD75B00C4301E /* Assets.xcassets */ = {isa = PBXFileReference; lastKnownFileType = folder.assetcatalog; path = Assets.xcassets; sourceTree = "<group>"; };
		2EA706ED1CFFD75B00C4301E /* Base */ = {isa = PBXFileReference; lastKnownFileType = file.storyboard; name = Base; path = Base.lproj/LaunchScreen.storyboard; sourceTree = "<group>"; };
		2EA706EF1CFFD75B00C4301E /* Info.plist */ = {isa = PBXFileReference; lastKnownFileType = text.plist.xml; path = Info.plist; sourceTree = "<group>"; };
		2EA706F41CFFD75B00C4301E /* iShowTests.xctest */ = {isa = PBXFileReference; explicitFileType = wrapper.cfbundle; includeInIndex = 0; path = iShowTests.xctest; sourceTree = BUILT_PRODUCTS_DIR; };
		2EA706F81CFFD75B00C4301E /* iShowTests.m */ = {isa = PBXFileReference; lastKnownFileType = sourcecode.c.objc; path = iShowTests.m; sourceTree = "<group>"; };
		2EA706FA1CFFD75B00C4301E /* Info.plist */ = {isa = PBXFileReference; lastKnownFileType = text.plist.xml; path = Info.plist; sourceTree = "<group>"; };
		2EA706FF1CFFD75B00C4301E /* iShowUITests.xctest */ = {isa = PBXFileReference; explicitFileType = wrapper.cfbundle; includeInIndex = 0; path = iShowUITests.xctest; sourceTree = BUILT_PRODUCTS_DIR; };
		2EA707031CFFD75B00C4301E /* iShowUITests.m */ = {isa = PBXFileReference; lastKnownFileType = sourcecode.c.objc; path = iShowUITests.m; sourceTree = "<group>"; };
		2EA707051CFFD75B00C4301E /* Info.plist */ = {isa = PBXFileReference; lastKnownFileType = text.plist.xml; path = Info.plist; sourceTree = "<group>"; };
		2EA707381CFFE1A800C4301E /* BaseNavigationController.h */ = {isa = PBXFileReference; fileEncoding = 4; lastKnownFileType = sourcecode.c.h; path = BaseNavigationController.h; sourceTree = "<group>"; };
		2EA707391CFFE1A800C4301E /* BaseNavigationController.m */ = {isa = PBXFileReference; fileEncoding = 4; lastKnownFileType = sourcecode.c.objc; path = BaseNavigationController.m; sourceTree = "<group>"; };
		2EA7075F1CFFE25700C4301E /* discover@2x.png */ = {isa = PBXFileReference; lastKnownFileType = image.png; path = "discover@2x.png"; sourceTree = "<group>"; };
		2EA707601CFFE25700C4301E /* discover@3x.png */ = {isa = PBXFileReference; lastKnownFileType = image.png; path = "discover@3x.png"; sourceTree = "<group>"; };
		2EA707611CFFE25700C4301E /* discover_on@2x.png */ = {isa = PBXFileReference; lastKnownFileType = image.png; path = "discover_on@2x.png"; sourceTree = "<group>"; };
		2EA707621CFFE25700C4301E /* discover_on@3x.png */ = {isa = PBXFileReference; lastKnownFileType = image.png; path = "discover_on@3x.png"; sourceTree = "<group>"; };
		2EA707631CFFE25700C4301E /* home@2x.png */ = {isa = PBXFileReference; lastKnownFileType = image.png; path = "home@2x.png"; sourceTree = "<group>"; };
		2EA707641CFFE25700C4301E /* home@3x.png */ = {isa = PBXFileReference; lastKnownFileType = image.png; path = "home@3x.png"; sourceTree = "<group>"; };
		2EA707651CFFE25700C4301E /* home_on@2x.png */ = {isa = PBXFileReference; lastKnownFileType = image.png; path = "home_on@2x.png"; sourceTree = "<group>"; };
		2EA707661CFFE25700C4301E /* home_on@3x.png */ = {isa = PBXFileReference; lastKnownFileType = image.png; path = "home_on@3x.png"; sourceTree = "<group>"; };
		2EA707671CFFE25700C4301E /* myinfo@2x.png */ = {isa = PBXFileReference; lastKnownFileType = image.png; path = "myinfo@2x.png"; sourceTree = "<group>"; };
		2EA707681CFFE25700C4301E /* myinfo@3x.png */ = {isa = PBXFileReference; lastKnownFileType = image.png; path = "myinfo@3x.png"; sourceTree = "<group>"; };
		2EA707691CFFE25700C4301E /* myinfo_on@2x.png */ = {isa = PBXFileReference; lastKnownFileType = image.png; path = "myinfo_on@2x.png"; sourceTree = "<group>"; };
		2EA7076A1CFFE25700C4301E /* myinfo_on@3x.png */ = {isa = PBXFileReference; lastKnownFileType = image.png; path = "myinfo_on@3x.png"; sourceTree = "<group>"; };
		2EA7076B1CFFE25700C4301E /* payticket@2x.png */ = {isa = PBXFileReference; lastKnownFileType = image.png; path = "payticket@2x.png"; sourceTree = "<group>"; };
		2EA7076C1CFFE25700C4301E /* payticket@3x.png */ = {isa = PBXFileReference; lastKnownFileType = image.png; path = "payticket@3x.png"; sourceTree = "<group>"; };
		2EA7076D1CFFE25700C4301E /* payticket_on@2x.png */ = {isa = PBXFileReference; lastKnownFileType = image.png; path = "payticket_on@2x.png"; sourceTree = "<group>"; };
		2EA7076E1CFFE25700C4301E /* payticket_on@3x.png */ = {isa = PBXFileReference; lastKnownFileType = image.png; path = "payticket_on@3x.png"; sourceTree = "<group>"; };
		2EA7077F1CFFE38700C4301E /* PrefixHeader.pch */ = {isa = PBXFileReference; lastKnownFileType = sourcecode.c.h; name = PrefixHeader.pch; path = ../PrefixHeader.pch; sourceTree = "<group>"; };
/* End PBXFileReference section */

/* Begin PBXFrameworksBuildPhase section */
		2EA706D81CFFD75B00C4301E /* Frameworks */ = {
			isa = PBXFrameworksBuildPhase;
			buildActionMask = 2147483647;
			files = (
			);
			runOnlyForDeploymentPostprocessing = 0;
		};
		2EA706F11CFFD75B00C4301E /* Frameworks */ = {
			isa = PBXFrameworksBuildPhase;
			buildActionMask = 2147483647;
			files = (
			);
			runOnlyForDeploymentPostprocessing = 0;
		};
		2EA706FC1CFFD75B00C4301E /* Frameworks */ = {
			isa = PBXFrameworksBuildPhase;
			buildActionMask = 2147483647;
			files = (
			);
			runOnlyForDeploymentPostprocessing = 0;
		};
/* End PBXFrameworksBuildPhase section */

/* Begin PBXGroup section */
		0F70C1D71D00248600C20612 /* Main */ = {
			isa = PBXGroup;
			children = (
				0F70C1D81D00248600C20612 /* Home */,
				0F70C1DE1D00248600C20612 /* Message */,
				0F70C1E41D00248600C20612 /* My */,
				0F70C1EB1D00248600C20612 /* Search */,
			);
			path = Main;
			sourceTree = "<group>";
		};
		0F70C1D81D00248600C20612 /* Home */ = {
			isa = PBXGroup;
			children = (
				0F70C1D91D00248600C20612 /* Controller */,
				0F70C1DC1D00248600C20612 /* Model */,
				0F70C1DD1D00248600C20612 /* View */,
			);
			path = Home;
			sourceTree = "<group>";
		};
		0F70C1D91D00248600C20612 /* Controller */ = {
			isa = PBXGroup;
			children = (
				0F70C1DA1D00248600C20612 /* HomeViewController.h */,
				0F70C1DB1D00248600C20612 /* HomeViewController.m */,
			);
			path = Controller;
			sourceTree = "<group>";
		};
		0F70C1DC1D00248600C20612 /* Model */ = {
			isa = PBXGroup;
			children = (
			);
			path = Model;
			sourceTree = "<group>";
		};
		0F70C1DD1D00248600C20612 /* View */ = {
			isa = PBXGroup;
			children = (
			);
			path = View;
			sourceTree = "<group>";
		};
		0F70C1DE1D00248600C20612 /* Message */ = {
			isa = PBXGroup;
			children = (
				0F70C1FE1D00271100C20612 /* 临时图片 */,
				0F70C1DF1D00248600C20612 /* Controller */,
				0F70C1E21D00248600C20612 /* Model */,
				0F70C1E31D00248600C20612 /* View */,
			);
			path = Message;
			sourceTree = "<group>";
		};
		0F70C1DF1D00248600C20612 /* Controller */ = {
			isa = PBXGroup;
			children = (
				0F70C1E01D00248600C20612 /* MessageViewController.h */,
				0F70C1E11D00248600C20612 /* MessageViewController.m */,
			);
			path = Controller;
			sourceTree = "<group>";
		};
		0F70C1E21D00248600C20612 /* Model */ = {
			isa = PBXGroup;
			children = (
			);
			path = Model;
			sourceTree = "<group>";
		};
		0F70C1E31D00248600C20612 /* View */ = {
			isa = PBXGroup;
			children = (
				0F70C1FA1D00251600C20612 /* HearderViewTV */,
				0F70C1F91D0024E800C20612 /* MesageTableView */,
			);
			path = View;
			sourceTree = "<group>";
		};
		0F70C1E41D00248600C20612 /* My */ = {
			isa = PBXGroup;
			children = (
				0F70C1E51D00248600C20612 /* Controller */,
				0F70C1E91D00248600C20612 /* Model */,
				0F70C1EA1D00248600C20612 /* View */,
			);
			path = My;
			sourceTree = "<group>";
		};
		0F70C1E51D00248600C20612 /* Controller */ = {
			isa = PBXGroup;
			children = (
				0F70C1E61D00248600C20612 /* MyTableViewController.h */,
				0F70C1E71D00248600C20612 /* MyTableViewController.m */,
				0F70C1E81D00248600C20612 /* MyTableViewController.storyboard */,
			);
			path = Controller;
			sourceTree = "<group>";
		};
		0F70C1E91D00248600C20612 /* Model */ = {
			isa = PBXGroup;
			children = (
			);
			path = Model;
			sourceTree = "<group>";
		};
		0F70C1EA1D00248600C20612 /* View */ = {
			isa = PBXGroup;
			children = (
			);
			path = View;
			sourceTree = "<group>";
		};
		0F70C1EB1D00248600C20612 /* Search */ = {
			isa = PBXGroup;
			children = (
				0F70C1EC1D00248600C20612 /* Controller */,
				0F70C1EF1D00248600C20612 /* Model */,
				0F70C1F01D00248600C20612 /* View */,
			);
			path = Search;
			sourceTree = "<group>";
		};
		0F70C1EC1D00248600C20612 /* Controller */ = {
			isa = PBXGroup;
			children = (
				0F70C1ED1D00248600C20612 /* SearchViewController.h */,
				0F70C1EE1D00248600C20612 /* SearchViewController.m */,
			);
			path = Controller;
			sourceTree = "<group>";
		};
		0F70C1EF1D00248600C20612 /* Model */ = {
			isa = PBXGroup;
			children = (
			);
			path = Model;
			sourceTree = "<group>";
		};
		0F70C1F01D00248600C20612 /* View */ = {
			isa = PBXGroup;
			children = (
			);
			path = View;
			sourceTree = "<group>";
		};
		0F70C1F91D0024E800C20612 /* MesageTableView */ = {
			isa = PBXGroup;
			children = (
				0F70C1FB1D00253C00C20612 /* Mesage.h */,
				0F70C1FC1D00253C00C20612 /* Mesage.m */,
			);
			name = MesageTableView;
			sourceTree = "<group>";
		};
		0F70C1FA1D00251600C20612 /* HearderViewTV */ = {
			isa = PBXGroup;
			children = (
				0F70C1F61D0024AD00C20612 /* MesageHeaderView.h */,
				0F70C1F71D0024AD00C20612 /* MesageHeaderView.m */,
			);
			name = HearderViewTV;
			sourceTree = "<group>";
		};
		0F70C1FE1D00271100C20612 /* 临时图片 */ = {
			isa = PBXGroup;
			children = (
				0F70C1FF1D00273600C20612 /* 球.png */,
				0F70C2001D00273600C20612 /* 重置.png */,
			);
			name = "临时图片";
			sourceTree = "<group>";
		};
		2E9868131D00074E006E888E /* SDWebImage */ = {
			isa = PBXGroup;
			children = (
				2E9868141D00074E006E888E /* SDImageCache.h */,
				2E9868151D00074E006E888E /* SDImageCache.m */,
				2E9868161D00074E006E888E /* SDImageCacheDelegate.h */,
				2E9868171D00074E006E888E /* SDWebImageCompat.h */,
				2E9868181D00074E006E888E /* SDWebImageDownloader.h */,
				2E9868191D00074E006E888E /* SDWebImageDownloader.m */,
				2E98681A1D00074E006E888E /* SDWebImageDownloaderDelegate.h */,
				2E98681B1D00074E006E888E /* SDWebImageManager.h */,
				2E98681C1D00074E006E888E /* SDWebImageManager.m */,
				2E98681D1D00074E006E888E /* SDWebImageManagerDelegate.h */,
				2E98681E1D00074E006E888E /* UIImageView+WebCache.h */,
				2E98681F1D00074E006E888E /* UIImageView+WebCache.m */,
			);
			path = SDWebImage;
			sourceTree = "<group>";
		};
		2E9868271D00077D006E888E /* Common */ = {
			isa = PBXGroup;
			children = (
				2E9868281D000797006E888E /* Header.h */,
				2E98682B1D0007BC006E888E /* JsonParser.h */,
				2E9868291D0007B5006E888E /* JsonParser.m */,
			);
			name = Common;
			path = "所需文件/Common";
			sourceTree = "<group>";
		};
		2EA706D21CFFD75A00C4301E = {
			isa = PBXGroup;
			children = (
				2EA706DD1CFFD75B00C4301E /* iShow */,
				2EA706F71CFFD75B00C4301E /* iShowTests */,
				2EA707021CFFD75B00C4301E /* iShowUITests */,
				2EA706DC1CFFD75B00C4301E /* Products */,
			);
			sourceTree = "<group>";
		};
		2EA706DC1CFFD75B00C4301E /* Products */ = {
			isa = PBXGroup;
			children = (
				2EA706DB1CFFD75B00C4301E /* iShow.app */,
				2EA706F41CFFD75B00C4301E /* iShowTests.xctest */,
				2EA706FF1CFFD75B00C4301E /* iShowUITests.xctest */,
			);
			name = Products;
			sourceTree = "<group>";
		};
		2EA706DD1CFFD75B00C4301E /* iShow */ = {
			isa = PBXGroup;
			children = (
				2EA7077F1CFFE38700C4301E /* PrefixHeader.pch */,
				0F70C1D71D00248600C20612 /* Main */,
				2EA707141CFFD88500C4301E /* Framework */,
				2E9868271D00077D006E888E /* Common */,
				2EA7075B1CFFE25700C4301E /* 所需文件 */,
				2EA707131CFFD87800C4301E /* SDK */,
				2EA707151CFFD88900C4301E /* Base */,
				2EA706E11CFFD75B00C4301E /* AppDelegate.h */,
				2EA706E21CFFD75B00C4301E /* AppDelegate.m */,
				2EA706E41CFFD75B00C4301E /* ViewController.h */,
				2EA706E51CFFD75B00C4301E /* ViewController.m */,
				2EA706E71CFFD75B00C4301E /* Main.storyboard */,
				2EA706EA1CFFD75B00C4301E /* Assets.xcassets */,
				2EA706EC1CFFD75B00C4301E /* LaunchScreen.storyboard */,
				2EA706EF1CFFD75B00C4301E /* Info.plist */,
				2EA706DE1CFFD75B00C4301E /* Supporting Files */,
			);
			path = iShow;
			sourceTree = "<group>";
		};
		2EA706DE1CFFD75B00C4301E /* Supporting Files */ = {
			isa = PBXGroup;
			children = (
				2EA706DF1CFFD75B00C4301E /* main.m */,
			);
			name = "Supporting Files";
			sourceTree = "<group>";
		};
		2EA706F71CFFD75B00C4301E /* iShowTests */ = {
			isa = PBXGroup;
			children = (
				2EA706F81CFFD75B00C4301E /* iShowTests.m */,
				2EA706FA1CFFD75B00C4301E /* Info.plist */,
			);
			path = iShowTests;
			sourceTree = "<group>";
		};
		2EA707021CFFD75B00C4301E /* iShowUITests */ = {
			isa = PBXGroup;
			children = (
				2EA707031CFFD75B00C4301E /* iShowUITests.m */,
				2EA707051CFFD75B00C4301E /* Info.plist */,
			);
			path = iShowUITests;
			sourceTree = "<group>";
		};
		2EA707131CFFD87800C4301E /* SDK */ = {
			isa = PBXGroup;
			children = (
			);
			path = SDK;
			sourceTree = "<group>";
		};
		2EA707141CFFD88500C4301E /* Framework */ = {
			isa = PBXGroup;
			children = (
				2E9868131D00074E006E888E /* SDWebImage */,
			);
			path = Framework;
			sourceTree = "<group>";
		};
		2EA707151CFFD88900C4301E /* Base */ = {
			isa = PBXGroup;
			children = (
				2E9868021D000713006E888E /* BaseModel.h */,
				2E9868031D000713006E888E /* BaseModel.m */,
				2EA707381CFFE1A800C4301E /* BaseNavigationController.h */,
				2EA707391CFFE1A800C4301E /* BaseNavigationController.m */,
			);
			path = Base;
			sourceTree = "<group>";
		};
		2EA7075B1CFFE25700C4301E /* 所需文件 */ = {
			isa = PBXGroup;
			children = (
				2EA7075C1CFFE25700C4301E /* 全局 */,
				2EA7075D1CFFE25700C4301E /* 导航栏 */,
				2EA7075E1CFFE25700C4301E /* 标签栏 */,
			);
			path = "所需文件";
			sourceTree = "<group>";
		};
		2EA7075C1CFFE25700C4301E /* 全局 */ = {
			isa = PBXGroup;
			children = (
			);
			path = "全局";
			sourceTree = "<group>";
		};
		2EA7075D1CFFE25700C4301E /* 导航栏 */ = {
			isa = PBXGroup;
			children = (
			);
			path = "导航栏";
			sourceTree = "<group>";
		};
		2EA7075E1CFFE25700C4301E /* 标签栏 */ = {
			isa = PBXGroup;
			children = (
				2EA7075F1CFFE25700C4301E /* discover@2x.png */,
				2EA707601CFFE25700C4301E /* discover@3x.png */,
				2EA707611CFFE25700C4301E /* discover_on@2x.png */,
				2EA707621CFFE25700C4301E /* discover_on@3x.png */,
				2EA707631CFFE25700C4301E /* home@2x.png */,
				2EA707641CFFE25700C4301E /* home@3x.png */,
				2EA707651CFFE25700C4301E /* home_on@2x.png */,
				2EA707661CFFE25700C4301E /* home_on@3x.png */,
				2EA707671CFFE25700C4301E /* myinfo@2x.png */,
				2EA707681CFFE25700C4301E /* myinfo@3x.png */,
				2EA707691CFFE25700C4301E /* myinfo_on@2x.png */,
				2EA7076A1CFFE25700C4301E /* myinfo_on@3x.png */,
				2EA7076B1CFFE25700C4301E /* payticket@2x.png */,
				2EA7076C1CFFE25700C4301E /* payticket@3x.png */,
				2EA7076D1CFFE25700C4301E /* payticket_on@2x.png */,
				2EA7076E1CFFE25700C4301E /* payticket_on@3x.png */,
			);
			path = "标签栏";
			sourceTree = "<group>";
		};
/* End PBXGroup section */

/* Begin PBXNativeTarget section */
		2EA706DA1CFFD75B00C4301E /* iShow */ = {
			isa = PBXNativeTarget;
			buildConfigurationList = 2EA707081CFFD75B00C4301E /* Build configuration list for PBXNativeTarget "iShow" */;
			buildPhases = (
				2EA706D71CFFD75B00C4301E /* Sources */,
				2EA706D81CFFD75B00C4301E /* Frameworks */,
				2EA706D91CFFD75B00C4301E /* Resources */,
			);
			buildRules = (
			);
			dependencies = (
			);
			name = iShow;
			productName = iShow;
			productReference = 2EA706DB1CFFD75B00C4301E /* iShow.app */;
			productType = "com.apple.product-type.application";
		};
		2EA706F31CFFD75B00C4301E /* iShowTests */ = {
			isa = PBXNativeTarget;
			buildConfigurationList = 2EA7070B1CFFD75B00C4301E /* Build configuration list for PBXNativeTarget "iShowTests" */;
			buildPhases = (
				2EA706F01CFFD75B00C4301E /* Sources */,
				2EA706F11CFFD75B00C4301E /* Frameworks */,
				2EA706F21CFFD75B00C4301E /* Resources */,
			);
			buildRules = (
			);
			dependencies = (
				2EA706F61CFFD75B00C4301E /* PBXTargetDependency */,
			);
			name = iShowTests;
			productName = iShowTests;
			productReference = 2EA706F41CFFD75B00C4301E /* iShowTests.xctest */;
			productType = "com.apple.product-type.bundle.unit-test";
		};
		2EA706FE1CFFD75B00C4301E /* iShowUITests */ = {
			isa = PBXNativeTarget;
			buildConfigurationList = 2EA7070E1CFFD75B00C4301E /* Build configuration list for PBXNativeTarget "iShowUITests" */;
			buildPhases = (
				2EA706FB1CFFD75B00C4301E /* Sources */,
				2EA706FC1CFFD75B00C4301E /* Frameworks */,
				2EA706FD1CFFD75B00C4301E /* Resources */,
			);
			buildRules = (
			);
			dependencies = (
				2EA707011CFFD75B00C4301E /* PBXTargetDependency */,
			);
			name = iShowUITests;
			productName = iShowUITests;
			productReference = 2EA706FF1CFFD75B00C4301E /* iShowUITests.xctest */;
			productType = "com.apple.product-type.bundle.ui-testing";
		};
/* End PBXNativeTarget section */

/* Begin PBXProject section */
		2EA706D31CFFD75A00C4301E /* Project object */ = {
			isa = PBXProject;
			attributes = {
				LastUpgradeCheck = 0710;
				ORGANIZATIONNAME = Phyllis;
				TargetAttributes = {
					2EA706DA1CFFD75B00C4301E = {
						CreatedOnToolsVersion = 7.1.1;
						DevelopmentTeam = 8EPG4M44KG;
					};
					2EA706F31CFFD75B00C4301E = {
						CreatedOnToolsVersion = 7.1.1;
						DevelopmentTeam = 8EPG4M44KG;
						TestTargetID = 2EA706DA1CFFD75B00C4301E;
					};
					2EA706FE1CFFD75B00C4301E = {
						CreatedOnToolsVersion = 7.1.1;
						DevelopmentTeam = 8EPG4M44KG;
						TestTargetID = 2EA706DA1CFFD75B00C4301E;
					};
				};
			};
			buildConfigurationList = 2EA706D61CFFD75A00C4301E /* Build configuration list for PBXProject "iShow" */;
			compatibilityVersion = "Xcode 3.2";
			developmentRegion = English;
			hasScannedForEncodings = 0;
			knownRegions = (
				en,
				Base,
			);
			mainGroup = 2EA706D21CFFD75A00C4301E;
			productRefGroup = 2EA706DC1CFFD75B00C4301E /* Products */;
			projectDirPath = "";
			projectRoot = "";
			targets = (
				2EA706DA1CFFD75B00C4301E /* iShow */,
				2EA706F31CFFD75B00C4301E /* iShowTests */,
				2EA706FE1CFFD75B00C4301E /* iShowUITests */,
			);
		};
/* End PBXProject section */

/* Begin PBXResourcesBuildPhase section */
		2EA706D91CFFD75B00C4301E /* Resources */ = {
			isa = PBXResourcesBuildPhase;
			buildActionMask = 2147483647;
			files = (
				0F70C2021D00273600C20612 /* 重置.png in Resources */,
				2EA7076F1CFFE25700C4301E /* discover@2x.png in Resources */,
				2EA707701CFFE25700C4301E /* discover@3x.png in Resources */,
				2EA707721CFFE25700C4301E /* discover_on@3x.png in Resources */,
				2EA7077D1CFFE25700C4301E /* payticket_on@2x.png in Resources */,
				2EA706EE1CFFD75B00C4301E /* LaunchScreen.storyboard in Resources */,
				2EA707761CFFE25700C4301E /* home_on@3x.png in Resources */,
				2EA706EB1CFFD75B00C4301E /* Assets.xcassets in Resources */,
				2EA7077B1CFFE25700C4301E /* payticket@2x.png in Resources */,
				2EA706E91CFFD75B00C4301E /* Main.storyboard in Resources */,
				2EA707751CFFE25700C4301E /* home_on@2x.png in Resources */,
				2EA7077E1CFFE25700C4301E /* payticket_on@3x.png in Resources */,
				2EA707781CFFE25700C4301E /* myinfo@3x.png in Resources */,
				2EA707711CFFE25700C4301E /* discover_on@2x.png in Resources */,
				2EA707791CFFE25700C4301E /* myinfo_on@2x.png in Resources */,
				2EA7077A1CFFE25700C4301E /* myinfo_on@3x.png in Resources */,
				2EA7077C1CFFE25700C4301E /* payticket@3x.png in Resources */,
				0F70C1F41D00248600C20612 /* MyTableViewController.storyboard in Resources */,
				2EA707771CFFE25700C4301E /* myinfo@2x.png in Resources */,
				0F70C2011D00273600C20612 /* 球.png in Resources */,
				2EA707741CFFE25700C4301E /* home@3x.png in Resources */,
				2EA707731CFFE25700C4301E /* home@2x.png in Resources */,
			);
			runOnlyForDeploymentPostprocessing = 0;
		};
		2EA706F21CFFD75B00C4301E /* Resources */ = {
			isa = PBXResourcesBuildPhase;
			buildActionMask = 2147483647;
			files = (
			);
			runOnlyForDeploymentPostprocessing = 0;
		};
		2EA706FD1CFFD75B00C4301E /* Resources */ = {
			isa = PBXResourcesBuildPhase;
			buildActionMask = 2147483647;
			files = (
			);
			runOnlyForDeploymentPostprocessing = 0;
		};
/* End PBXResourcesBuildPhase section */

/* Begin PBXSourcesBuildPhase section */
		2EA706D71CFFD75B00C4301E /* Sources */ = {
			isa = PBXSourcesBuildPhase;
			buildActionMask = 2147483647;
			files = (
				2E9868041D000713006E888E /* BaseModel.m in Sources */,
				2E9868231D00074E006E888E /* UIImageView+WebCache.m in Sources */,
				2EA706E61CFFD75B00C4301E /* ViewController.m in Sources */,
				0F70C1F31D00248600C20612 /* MyTableViewController.m in Sources */,
				2E9868211D00074E006E888E /* SDWebImageDownloader.m in Sources */,
				0F70C1FD1D00253C00C20612 /* Mesage.m in Sources */,
				0F70C1F81D0024AD00C20612 /* MesageHeaderView.m in Sources */,
				2EA706E31CFFD75B00C4301E /* AppDelegate.m in Sources */,
				0F70C1F51D00248600C20612 /* SearchViewController.m in Sources */,
				2E98682A1D0007B5006E888E /* JsonParser.m in Sources */,
				0F70C1F21D00248600C20612 /* MessageViewController.m in Sources */,
				0F70C1F11D00248600C20612 /* HomeViewController.m in Sources */,
				2EA706E01CFFD75B00C4301E /* main.m in Sources */,
				2EA7073A1CFFE1A800C4301E /* BaseNavigationController.m in Sources */,
				2E9868221D00074E006E888E /* SDWebImageManager.m in Sources */,
				2E9868201D00074E006E888E /* SDImageCache.m in Sources */,
			);
			runOnlyForDeploymentPostprocessing = 0;
		};
		2EA706F01CFFD75B00C4301E /* Sources */ = {
			isa = PBXSourcesBuildPhase;
			buildActionMask = 2147483647;
			files = (
				2EA706F91CFFD75B00C4301E /* iShowTests.m in Sources */,
			);
			runOnlyForDeploymentPostprocessing = 0;
		};
		2EA706FB1CFFD75B00C4301E /* Sources */ = {
			isa = PBXSourcesBuildPhase;
			buildActionMask = 2147483647;
			files = (
				2EA707041CFFD75B00C4301E /* iShowUITests.m in Sources */,
			);
			runOnlyForDeploymentPostprocessing = 0;
		};
/* End PBXSourcesBuildPhase section */

/* Begin PBXTargetDependency section */
		2EA706F61CFFD75B00C4301E /* PBXTargetDependency */ = {
			isa = PBXTargetDependency;
			target = 2EA706DA1CFFD75B00C4301E /* iShow */;
			targetProxy = 2EA706F51CFFD75B00C4301E /* PBXContainerItemProxy */;
		};
		2EA707011CFFD75B00C4301E /* PBXTargetDependency */ = {
			isa = PBXTargetDependency;
			target = 2EA706DA1CFFD75B00C4301E /* iShow */;
			targetProxy = 2EA707001CFFD75B00C4301E /* PBXContainerItemProxy */;
		};
/* End PBXTargetDependency section */

/* Begin PBXVariantGroup section */
		2EA706E71CFFD75B00C4301E /* Main.storyboard */ = {
			isa = PBXVariantGroup;
			children = (
				2EA706E81CFFD75B00C4301E /* Base */,
			);
			name = Main.storyboard;
			sourceTree = "<group>";
		};
		2EA706EC1CFFD75B00C4301E /* LaunchScreen.storyboard */ = {
			isa = PBXVariantGroup;
			children = (
				2EA706ED1CFFD75B00C4301E /* Base */,
			);
			name = LaunchScreen.storyboard;
			sourceTree = "<group>";
		};
/* End PBXVariantGroup section */

/* Begin XCBuildConfiguration section */
		2EA707061CFFD75B00C4301E /* Debug */ = {
			isa = XCBuildConfiguration;
			buildSettings = {
				ALWAYS_SEARCH_USER_PATHS = NO;
				CLANG_CXX_LANGUAGE_STANDARD = "gnu++0x";
				CLANG_CXX_LIBRARY = "libc++";
				CLANG_ENABLE_MODULES = YES;
				CLANG_ENABLE_OBJC_ARC = YES;
				CLANG_WARN_BOOL_CONVERSION = YES;
				CLANG_WARN_CONSTANT_CONVERSION = YES;
				CLANG_WARN_DIRECT_OBJC_ISA_USAGE = YES_ERROR;
				CLANG_WARN_EMPTY_BODY = YES;
				CLANG_WARN_ENUM_CONVERSION = YES;
				CLANG_WARN_INT_CONVERSION = YES;
				CLANG_WARN_OBJC_ROOT_CLASS = YES_ERROR;
				CLANG_WARN_UNREACHABLE_CODE = YES;
				CLANG_WARN__DUPLICATE_METHOD_MATCH = YES;
				"CODE_SIGN_IDENTITY[sdk=iphoneos*]" = "iPhone Developer";
				COPY_PHASE_STRIP = NO;
				DEBUG_INFORMATION_FORMAT = dwarf;
				ENABLE_STRICT_OBJC_MSGSEND = YES;
				ENABLE_TESTABILITY = YES;
				GCC_C_LANGUAGE_STANDARD = gnu99;
				GCC_DYNAMIC_NO_PIC = NO;
				GCC_NO_COMMON_BLOCKS = YES;
				GCC_OPTIMIZATION_LEVEL = 0;
				GCC_PREPROCESSOR_DEFINITIONS = (
					"DEBUG=1",
					"$(inherited)",
				);
				GCC_WARN_64_TO_32_BIT_CONVERSION = YES;
				GCC_WARN_ABOUT_RETURN_TYPE = YES_ERROR;
				GCC_WARN_UNDECLARED_SELECTOR = YES;
				GCC_WARN_UNINITIALIZED_AUTOS = YES_AGGRESSIVE;
				GCC_WARN_UNUSED_FUNCTION = YES;
				GCC_WARN_UNUSED_VARIABLE = YES;
				IPHONEOS_DEPLOYMENT_TARGET = 9.1;
				MTL_ENABLE_DEBUG_INFO = YES;
				ONLY_ACTIVE_ARCH = YES;
				SDKROOT = iphoneos;
				TARGETED_DEVICE_FAMILY = "1,2";
			};
			name = Debug;
		};
		2EA707071CFFD75B00C4301E /* Release */ = {
			isa = XCBuildConfiguration;
			buildSettings = {
				ALWAYS_SEARCH_USER_PATHS = NO;
				CLANG_CXX_LANGUAGE_STANDARD = "gnu++0x";
				CLANG_CXX_LIBRARY = "libc++";
				CLANG_ENABLE_MODULES = YES;
				CLANG_ENABLE_OBJC_ARC = YES;
				CLANG_WARN_BOOL_CONVERSION = YES;
				CLANG_WARN_CONSTANT_CONVERSION = YES;
				CLANG_WARN_DIRECT_OBJC_ISA_USAGE = YES_ERROR;
				CLANG_WARN_EMPTY_BODY = YES;
				CLANG_WARN_ENUM_CONVERSION = YES;
				CLANG_WARN_INT_CONVERSION = YES;
				CLANG_WARN_OBJC_ROOT_CLASS = YES_ERROR;
				CLANG_WARN_UNREACHABLE_CODE = YES;
				CLANG_WARN__DUPLICATE_METHOD_MATCH = YES;
				"CODE_SIGN_IDENTITY[sdk=iphoneos*]" = "iPhone Developer";
				COPY_PHASE_STRIP = NO;
				DEBUG_INFORMATION_FORMAT = "dwarf-with-dsym";
				ENABLE_NS_ASSERTIONS = NO;
				ENABLE_STRICT_OBJC_MSGSEND = YES;
				GCC_C_LANGUAGE_STANDARD = gnu99;
				GCC_NO_COMMON_BLOCKS = YES;
				GCC_WARN_64_TO_32_BIT_CONVERSION = YES;
				GCC_WARN_ABOUT_RETURN_TYPE = YES_ERROR;
				GCC_WARN_UNDECLARED_SELECTOR = YES;
				GCC_WARN_UNINITIALIZED_AUTOS = YES_AGGRESSIVE;
				GCC_WARN_UNUSED_FUNCTION = YES;
				GCC_WARN_UNUSED_VARIABLE = YES;
				IPHONEOS_DEPLOYMENT_TARGET = 9.1;
				MTL_ENABLE_DEBUG_INFO = NO;
				SDKROOT = iphoneos;
				TARGETED_DEVICE_FAMILY = "1,2";
				VALIDATE_PRODUCT = YES;
			};
			name = Release;
		};
		2EA707091CFFD75B00C4301E /* Debug */ = {
			isa = XCBuildConfiguration;
			buildSettings = {
				ASSETCATALOG_COMPILER_APPICON_NAME = AppIcon;
				GCC_PREFIX_HEADER = "$(SRCROOT)/PrefixHeader.pch";
				INFOPLIST_FILE = iShow/Info.plist;
				LD_RUNPATH_SEARCH_PATHS = "$(inherited) @executable_path/Frameworks";
				PRODUCT_BUNDLE_IDENTIFIER = Yue.iShow;
				PRODUCT_NAME = "$(TARGET_NAME)";
			};
			name = Debug;
		};
		2EA7070A1CFFD75B00C4301E /* Release */ = {
			isa = XCBuildConfiguration;
			buildSettings = {
				ASSETCATALOG_COMPILER_APPICON_NAME = AppIcon;
				GCC_PREFIX_HEADER = "$(SRCROOT)/PrefixHeader.pch";
				INFOPLIST_FILE = iShow/Info.plist;
				LD_RUNPATH_SEARCH_PATHS = "$(inherited) @executable_path/Frameworks";
				PRODUCT_BUNDLE_IDENTIFIER = Yue.iShow;
				PRODUCT_NAME = "$(TARGET_NAME)";
			};
			name = Release;
		};
		2EA7070C1CFFD75B00C4301E /* Debug */ = {
			isa = XCBuildConfiguration;
			buildSettings = {
				BUNDLE_LOADER = "$(TEST_HOST)";
				INFOPLIST_FILE = iShowTests/Info.plist;
				LD_RUNPATH_SEARCH_PATHS = "$(inherited) @executable_path/Frameworks @loader_path/Frameworks";
				PRODUCT_BUNDLE_IDENTIFIER = Yue.iShowTests;
				PRODUCT_NAME = "$(TARGET_NAME)";
				TEST_HOST = "$(BUILT_PRODUCTS_DIR)/iShow.app/iShow";
			};
			name = Debug;
		};
		2EA7070D1CFFD75B00C4301E /* Release */ = {
			isa = XCBuildConfiguration;
			buildSettings = {
				BUNDLE_LOADER = "$(TEST_HOST)";
				INFOPLIST_FILE = iShowTests/Info.plist;
				LD_RUNPATH_SEARCH_PATHS = "$(inherited) @executable_path/Frameworks @loader_path/Frameworks";
				PRODUCT_BUNDLE_IDENTIFIER = Yue.iShowTests;
				PRODUCT_NAME = "$(TARGET_NAME)";
				TEST_HOST = "$(BUILT_PRODUCTS_DIR)/iShow.app/iShow";
			};
			name = Release;
		};
		2EA7070F1CFFD75B00C4301E /* Debug */ = {
			isa = XCBuildConfiguration;
			buildSettings = {
				INFOPLIST_FILE = iShowUITests/Info.plist;
				LD_RUNPATH_SEARCH_PATHS = "$(inherited) @executable_path/Frameworks @loader_path/Frameworks";
				PRODUCT_BUNDLE_IDENTIFIER = Yue.iShowUITests;
				PRODUCT_NAME = "$(TARGET_NAME)";
				TEST_TARGET_NAME = iShow;
				USES_XCTRUNNER = YES;
			};
			name = Debug;
		};
		2EA707101CFFD75B00C4301E /* Release */ = {
			isa = XCBuildConfiguration;
			buildSettings = {
				INFOPLIST_FILE = iShowUITests/Info.plist;
				LD_RUNPATH_SEARCH_PATHS = "$(inherited) @executable_path/Frameworks @loader_path/Frameworks";
				PRODUCT_BUNDLE_IDENTIFIER = Yue.iShowUITests;
				PRODUCT_NAME = "$(TARGET_NAME)";
				TEST_TARGET_NAME = iShow;
				USES_XCTRUNNER = YES;
			};
			name = Release;
		};
/* End XCBuildConfiguration section */

/* Begin XCConfigurationList section */
		2EA706D61CFFD75A00C4301E /* Build configuration list for PBXProject "iShow" */ = {
			isa = XCConfigurationList;
			buildConfigurations = (
				2EA707061CFFD75B00C4301E /* Debug */,
				2EA707071CFFD75B00C4301E /* Release */,
			);
			defaultConfigurationIsVisible = 0;
			defaultConfigurationName = Release;
		};
		2EA707081CFFD75B00C4301E /* Build configuration list for PBXNativeTarget "iShow" */ = {
			isa = XCConfigurationList;
			buildConfigurations = (
				2EA707091CFFD75B00C4301E /* Debug */,
				2EA7070A1CFFD75B00C4301E /* Release */,
			);
			defaultConfigurationIsVisible = 0;
			defaultConfigurationName = Release;
		};
		2EA7070B1CFFD75B00C4301E /* Build configuration list for PBXNativeTarget "iShowTests" */ = {
			isa = XCConfigurationList;
			buildConfigurations = (
				2EA7070C1CFFD75B00C4301E /* Debug */,
				2EA7070D1CFFD75B00C4301E /* Release */,
			);
			defaultConfigurationIsVisible = 0;
			defaultConfigurationName = Release;
		};
		2EA7070E1CFFD75B00C4301E /* Build configuration list for PBXNativeTarget "iShowUITests" */ = {
			isa = XCConfigurationList;
			buildConfigurations = (
				2EA7070F1CFFD75B00C4301E /* Debug */,
				2EA707101CFFD75B00C4301E /* Release */,
			);
			defaultConfigurationIsVisible = 0;
			defaultConfigurationName = Release;
		};
/* End XCConfigurationList section */
	};
	rootObject = 2EA706D31CFFD75A00C4301E /* Project object */;
}
